
Microsoft Visual Studio Solution File, Format Version 12.00
# Visual Studio 15
VisualStudioVersion = 15.0.26124.0
MinimumVisualStudioVersion = 15.0.26124.0
Project("{2150E333-8FDC-42A3-9474-1A3956D46DE8}") = "src", "src", "{0DD4F76E-8A97-438E-99F2-39B4AB20463C}"
EndProject
Project("{FAE04EC0-301F-11D3-BF4B-00C04F79EFBC}") = "Library", "src\Library\Library.csproj", "{093B78E6-6F9D-474E-ADF1-E2F4DAD5A3AA}"
EndProject
Project("{FAE04EC0-301F-11D3-BF4B-00C04F79EFBC}") = "Test", "src\Test\Test.csproj", "{1BD723AC-115B-454B-9C72-371191230E46}"
EndProject
Global
	GlobalSection(SolutionConfigurationPlatforms) = preSolution
		Debug|Any CPU = Debug|Any CPU
		Debug|x64 = Debug|x64
		Debug|x86 = Debug|x86
		Release|Any CPU = Release|Any CPU
		Release|x64 = Release|x64
		Release|x86 = Release|x86
	EndGlobalSection
	GlobalSection(SolutionProperties) = preSolution
		HideSolutionNode = FALSE
	EndGlobalSection
	GlobalSection(ProjectConfigurationPlatforms) = postSolution
		{093B78E6-6F9D-474E-ADF1-E2F4DAD5A3AA}.Debug|Any CPU.ActiveCfg = Debug|Any CPU
		{093B78E6-6F9D-474E-ADF1-E2F4DAD5A3AA}.Debug|Any CPU.Build.0 = Debug|Any CPU
		{093B78E6-6F9D-474E-ADF1-E2F4DAD5A3AA}.Debug|x64.ActiveCfg = Debug|Any CPU
		{093B78E6-6F9D-474E-ADF1-E2F4DAD5A3AA}.Debug|x64.Build.0 = Debug|Any CPU
		{093B78E6-6F9D-474E-ADF1-E2F4DAD5A3AA}.Debug|x86.ActiveCfg = Debug|Any CPU
		{093B78E6-6F9D-474E-ADF1-E2F4DAD5A3AA}.Debug|x86.Build.0 = Debug|Any CPU
		{093B78E6-6F9D-474E-ADF1-E2F4DAD5A3AA}.Release|Any CPU.ActiveCfg = Release|Any CPU
		{093B78E6-6F9D-474E-ADF1-E2F4DAD5A3AA}.Release|Any CPU.Build.0 = Release|Any CPU
		{093B78E6-6F9D-474E-ADF1-E2F4DAD5A3AA}.Release|x64.ActiveCfg = Release|Any CPU
		{093B78E6-6F9D-474E-ADF1-E2F4DAD5A3AA}.Release|x64.Build.0 = Release|Any CPU
		{093B78E6-6F9D-474E-ADF1-E2F4DAD5A3AA}.Release|x86.ActiveCfg = Release|Any CPU
		{093B78E6-6F9D-474E-ADF1-E2F4DAD5A3AA}.Release|x86.Build.0 = Release|Any CPU
		{1BD723AC-115B-454B-9C72-371191230E46}.Debug|Any CPU.ActiveCfg = Debug|Any CPU
		{1BD723AC-115B-454B-9C72-371191230E46}.Debug|Any CPU.Build.0 = Debug|Any CPU
		{1BD723AC-115B-454B-9C72-371191230E46}.Debug|x64.ActiveCfg = Debug|Any CPU
		{1BD723AC-115B-454B-9C72-371191230E46}.Debug|x64.Build.0 = Debug|Any CPU
		{1BD723AC-115B-454B-9C72-371191230E46}.Debug|x86.ActiveCfg = Debug|Any CPU
		{1BD723AC-115B-454B-9C72-371191230E46}.Debug|x86.Build.0 = Debug|Any CPU
		{1BD723AC-115B-454B-9C72-371191230E46}.Release|Any CPU.ActiveCfg = Release|Any CPU
		{1BD723AC-115B-454B-9C72-371191230E46}.Release|Any CPU.Build.0 = Release|Any CPU
		{1BD723AC-115B-454B-9C72-371191230E46}.Release|x64.ActiveCfg = Release|Any CPU
		{1BD723AC-115B-454B-9C72-371191230E46}.Release|x64.Build.0 = Release|Any CPU
		{1BD723AC-115B-454B-9C72-371191230E46}.Release|x86.ActiveCfg = Release|Any CPU
		{1BD723AC-115B-454B-9C72-371191230E46}.Release|x86.Build.0 = Release|Any CPU
	EndGlobalSection
	GlobalSection(NestedProjects) = preSolution
		{093B78E6-6F9D-474E-ADF1-E2F4DAD5A3AA} = {0DD4F76E-8A97-438E-99F2-39B4AB20463C}
		{1BD723AC-115B-454B-9C72-371191230E46} = {0DD4F76E-8A97-438E-99F2-39B4AB20463C}
	EndGlobalSection
EndGlobal
